
Microsoft Visual Studio Solution File, Format Version 12.00
# Visual Studio 14
VisualStudioVersion = 14.0.23107.0
MinimumVisualStudioVersion = 10.0.40219.1
Project("{FAE04EC0-301F-11D3-BF4B-00C04F79EFBC}") = "SampleApplication", "SampleApplication\SampleApplication.csproj", "{B80A8B0B-8FE2-46CC-8D38-087623652304}"
EndProject
Project("{FAE04EC0-301F-11D3-BF4B-00C04F79EFBC}") = "Futurice.DataAccess", "Futurice.DataAccess\Futurice.DataAccess.csproj", "{27FB9CD9-5018-44A9-9446-265F5A67CA1A}"
EndProject
Global
	GlobalSection(SolutionConfigurationPlatforms) = preSolution
		Debug|Any CPU = Debug|Any CPU
		Debug|ARM = Debug|ARM
		Debug|x64 = Debug|x64
		Debug|x86 = Debug|x86
		Release|Any CPU = Release|Any CPU
		Release|ARM = Release|ARM
		Release|x64 = Release|x64
		Release|x86 = Release|x86
	EndGlobalSection
	GlobalSection(ProjectConfigurationPlatforms) = postSolution
		{B80A8B0B-8FE2-46CC-8D38-087623652304}.Debug|Any CPU.ActiveCfg = Debug|x86
		{B80A8B0B-8FE2-46CC-8D38-087623652304}.Debug|Any CPU.Build.0 = Debug|x86
		{B80A8B0B-8FE2-46CC-8D38-087623652304}.Debug|Any CPU.Deploy.0 = Debug|x86
		{B80A8B0B-8FE2-46CC-8D38-087623652304}.Debug|ARM.ActiveCfg = Debug|ARM
		{B80A8B0B-8FE2-46CC-8D38-087623652304}.Debug|ARM.Build.0 = Debug|ARM
		{B80A8B0B-8FE2-46CC-8D38-087623652304}.Debug|ARM.Deploy.0 = Debug|ARM
		{B80A8B0B-8FE2-46CC-8D38-087623652304}.Debug|x64.ActiveCfg = Debug|x64
		{B80A8B0B-8FE2-46CC-8D38-087623652304}.Debug|x64.Build.0 = Debug|x64
		{B80A8B0B-8FE2-46CC-8D38-087623652304}.Debug|x64.Deploy.0 = Debug|x64
		{B80A8B0B-8FE2-46CC-8D38-087623652304}.Debug|x86.ActiveCfg = Debug|x86
		{B80A8B0B-8FE2-46CC-8D38-087623652304}.Debug|x86.Build.0 = Debug|x86
		{B80A8B0B-8FE2-46CC-8D38-087623652304}.Debug|x86.Deploy.0 = Debug|x86
		{B80A8B0B-8FE2-46CC-8D38-087623652304}.Release|Any CPU.ActiveCfg = Release|x86
		{B80A8B0B-8FE2-46CC-8D38-087623652304}.Release|ARM.ActiveCfg = Release|ARM
		{B80A8B0B-8FE2-46CC-8D38-087623652304}.Release|ARM.Build.0 = Release|ARM
		{B80A8B0B-8FE2-46CC-8D38-087623652304}.Release|ARM.Deploy.0 = Release|ARM
		{B80A8B0B-8FE2-46CC-8D38-087623652304}.Release|x64.ActiveCfg = Release|x64
		{B80A8B0B-8FE2-46CC-8D38-087623652304}.Release|x64.Build.0 = Release|x64
		{B80A8B0B-8FE2-46CC-8D38-087623652304}.Release|x64.Deploy.0 = Release|x64
		{B80A8B0B-8FE2-46CC-8D38-087623652304}.Release|x86.ActiveCfg = Release|x86
		{B80A8B0B-8FE2-46CC-8D38-087623652304}.Release|x86.Build.0 = Release|x86
		{B80A8B0B-8FE2-46CC-8D38-087623652304}.Release|x86.Deploy.0 = Release|x86
		{27FB9CD9-5018-44A9-9446-265F5A67CA1A}.Debug|Any CPU.ActiveCfg = Debug|Any CPU
		{27FB9CD9-5018-44A9-9446-265F5A67CA1A}.Debug|Any CPU.Build.0 = Debug|Any CPU
		{27FB9CD9-5018-44A9-9446-265F5A67CA1A}.Debug|ARM.ActiveCfg = Debug|ARM
		{27FB9CD9-5018-44A9-9446-265F5A67CA1A}.Debug|ARM.Build.0 = Debug|ARM
		{27FB9CD9-5018-44A9-9446-265F5A67CA1A}.Debug|x64.ActiveCfg = Debug|x64
		{27FB9CD9-5018-44A9-9446-265F5A67CA1A}.Debug|x64.Build.0 = Debug|x64
		{27FB9CD9-5018-44A9-9446-265F5A67CA1A}.Debug|x86.ActiveCfg = Debug|x86
		{27FB9CD9-5018-44A9-9446-265F5A67CA1A}.Debug|x86.Build.0 = Debug|x86
		{27FB9CD9-5018-44A9-9446-265F5A67CA1A}.Release|Any CPU.ActiveCfg = Release|Any CPU
		{27FB9CD9-5018-44A9-9446-265F5A67CA1A}.Release|Any CPU.Build.0 = Release|Any CPU
		{27FB9CD9-5018-44A9-9446-265F5A67CA1A}.Release|ARM.ActiveCfg = Release|ARM
		{27FB9CD9-5018-44A9-9446-265F5A67CA1A}.Release|ARM.Build.0 = Release|ARM
		{27FB9CD9-5018-44A9-9446-265F5A67CA1A}.Release|x64.ActiveCfg = Release|x64
		{27FB9CD9-5018-44A9-9446-265F5A67CA1A}.Release|x64.Build.0 = Release|x64
		{27FB9CD9-5018-44A9-9446-265F5A67CA1A}.Release|x86.ActiveCfg = Release|x86
		{27FB9CD9-5018-44A9-9446-265F5A67CA1A}.Release|x86.Build.0 = Release|x86
	EndGlobalSection
	GlobalSection(SolutionProperties) = preSolution
		HideSolutionNode = FALSE
	EndGlobalSection
EndGlobal
